
Microsoft Visual Studio Solution File, Format Version 12.00
# Visual Studio Version 17
VisualStudioVersion = 17.10.35013.160
MinimumVisualStudioVersion = 10.0.40219.1
Project("{FAE04EC0-301F-11D3-BF4B-00C04F79EFBC}") = "ContactsConsoleApp-PresentationLayer", "ContactsConsoleApp-PresentationLayer.csproj", "{B40A10B6-2516-40B9-8461-7E14C3D04E61}"
EndProject
Project("{FAE04EC0-301F-11D3-BF4B-00C04F79EFBC}") = "ContactBusinessLayer", "..\ContactBusinessLayer\ContactBusinessLayer.csproj", "{09D9BD55-B3D0-4B72-A093-8D9CA01B4514}"
EndProject
Project("{FAE04EC0-301F-11D3-BF4B-00C04F79EFBC}") = "ContactsDataAccessLayer", "..\ContactsDataAccessLayer\ContactsDataAccessLayer.csproj", "{891D9C0B-758E-4323-B322-7AEE664148FB}"
EndProject
Global
	GlobalSection(SolutionConfigurationPlatforms) = preSolution
		Debug|Any CPU = Debug|Any CPU
		Release|Any CPU = Release|Any CPU
	EndGlobalSection
	GlobalSection(ProjectConfigurationPlatforms) = postSolution
		{B40A10B6-2516-40B9-8461-7E14C3D04E61}.Debug|Any CPU.ActiveCfg = Debug|Any CPU
		{B40A10B6-2516-40B9-8461-7E14C3D04E61}.Debug|Any CPU.Build.0 = Debug|Any CPU
		{B40A10B6-2516-40B9-8461-7E14C3D04E61}.Release|Any CPU.ActiveCfg = Release|Any CPU
		{B40A10B6-2516-40B9-8461-7E14C3D04E61}.Release|Any CPU.Build.0 = Release|Any CPU
		{09D9BD55-B3D0-4B72-A093-8D9CA01B4514}.Debug|Any CPU.ActiveCfg = Debug|Any CPU
		{09D9BD55-B3D0-4B72-A093-8D9CA01B4514}.Debug|Any CPU.Build.0 = Debug|Any CPU
		{09D9BD55-B3D0-4B72-A093-8D9CA01B4514}.Release|Any CPU.ActiveCfg = Release|Any CPU
		{09D9BD55-B3D0-4B72-A093-8D9CA01B4514}.Release|Any CPU.Build.0 = Release|Any CPU
		{891D9C0B-758E-4323-B322-7AEE664148FB}.Debug|Any CPU.ActiveCfg = Debug|Any CPU
		{891D9C0B-758E-4323-B322-7AEE664148FB}.Debug|Any CPU.Build.0 = Debug|Any CPU
		{891D9C0B-758E-4323-B322-7AEE664148FB}.Release|Any CPU.ActiveCfg = Release|Any CPU
		{891D9C0B-758E-4323-B322-7AEE664148FB}.Release|Any CPU.Build.0 = Release|Any CPU
	EndGlobalSection
	GlobalSection(SolutionProperties) = preSolution
		HideSolutionNode = FALSE
	EndGlobalSection
	GlobalSection(ExtensibilityGlobals) = postSolution
		SolutionGuid = {9C3F3280-BF66-4041-94A8-F3CCB03D5E48}
	EndGlobalSection
EndGlobal
